
Microsoft Visual Studio Solution File, Format Version 12.00
# Visual Studio Version 16
VisualStudioVersion = 16.0.30011.22
MinimumVisualStudioVersion = 10.0.40219.1
Project("{FAE04EC0-301F-11D3-BF4B-00C04F79EFBC}") = "Code refactoring", "Code refactoring\Code refactoring.csproj", "{82FEB3B8-045D-4AFB-BAC6-EE4095DA8748}"
EndProject
Global
	GlobalSection(SolutionConfigurationPlatforms) = preSolution
		Debug|Any CPU = Debug|Any CPU
		Release|Any CPU = Release|Any CPU
	EndGlobalSection
	GlobalSection(ProjectConfigurationPlatforms) = postSolution
		{82FEB3B8-045D-4AFB-BAC6-EE4095DA8748}.Debug|Any CPU.ActiveCfg = Debug|Any CPU
		{82FEB3B8-045D-4AFB-BAC6-EE4095DA8748}.Debug|Any CPU.Build.0 = Debug|Any CPU
		{82FEB3B8-045D-4AFB-BAC6-EE4095DA8748}.Release|Any CPU.ActiveCfg = Release|Any CPU
		{82FEB3B8-045D-4AFB-BAC6-EE4095DA8748}.Release|Any CPU.Build.0 = Release|Any CPU
	EndGlobalSection
	GlobalSection(SolutionProperties) = preSolution
		HideSolutionNode = FALSE
	EndGlobalSection
	GlobalSection(ExtensibilityGlobals) = postSolution
		SolutionGuid = {247998BB-7380-41D9-8D82-AE0EB5BED9CA}
	EndGlobalSection
EndGlobal
